<?xml version="1.0" encoding="utf-8"?>
<Project ToolsVersion="4.0" xmlns="http://schemas.microsoft.com/developer/msbuild/2003">
  <ItemGroup>
    <Filter Include="inc">
      <UniqueIdentifier>{93995380-89BD-4b04-88EB-625FBE52EBFB}</UniqueIdentifier>
      <Extensions>h;hh;hpp;hxx;h++;hm;inl;inc;ipp;xsd</Extensions>
    </Filter>
    <Filter Include="src">
      <UniqueIdentifier>{4FC737F1-C7A5-4376-A066-2A32D752A2FF}</UniqueIdentifier>
      <Extensions>cpp;c;cc;cxx;c++;cppm;ixx;def;odl;idl;hpj;bat;asm;asmx</Extensions>
    </Filter>
  </ItemGroup>
  <ItemGroup>
    <ClCompile Include="main.cpp">
      <Filter>src</Filter>
    </ClCompile>
    <ClCompile Include="common\io_context_pool.cpp">
      <Filter>src</Filter>
    </ClCompile>
    <ClCompile Include="utils\tcp_flow_statistics.cpp">
      <Filter>src</Filter>
    </ClCompile>
    <ClCompile Include="utils\udp_flow_statistics.cpp">
      <Filter>src</Filter>
    </ClCompile>
    <ClCompile Include="utils\flow_statistics.cpp">
      <Filter>src</Filter>
    </ClCompile>
    <ClCompile Include="launcher\launcher.cpp">
      <Filter>src</Filter>
    </ClCompile>
    <ClCompile Include="common\address.cpp">
      <Filter>src</Filter>
    </ClCompile>
    <ClCompile Include="config\config_loader.cpp">
      <Filter>src</Filter>
    </ClCompile>
    <ClCompile Include="tcp\tcp_session.cpp">
      <Filter>src</Filter>
    </ClCompile>
    <ClCompile Include="tcp\tcp_session_manager.cpp">
      <Filter>src</Filter>
    </ClCompile>
    <ClCompile Include="udp\udp_session.cpp">
      <Filter>src</Filter>
    </ClCompile>
    <ClCompile Include="udp\udp_session_manager.cpp">
      <Filter>src</Filter>
    </ClCompile>
    <ClCompile Include="tcp\tcp_socket.cpp">
      <Filter>src</Filter>
    </ClCompile>
    <ClCompile Include="udp\udp_socket.cpp">
      <Filter>src</Filter>
    </ClCompile>
  </ItemGroup>
  <ItemGroup>
    <ClInclude Include="common\address.hpp">
      <Filter>inc</Filter>
    </ClInclude>
    <ClInclude Include="common\io_context_pool.hpp">
      <Filter>inc</Filter>
    </ClInclude>
    <ClInclude Include="utils\utils.hpp">
      <Filter>inc</Filter>
    </ClInclude>
    <ClInclude Include="utils\string_parse.hpp">
      <Filter>inc</Filter>
    </ClInclude>
    <ClInclude Include="utils\task_timer.hpp">
      <Filter>inc</Filter>
    </ClInclude>
    <ClInclude Include="logger\utils.hpp">
      <Filter>inc</Filter>
    </ClInclude>
    <ClInclude Include="logger\logger_proxy.hpp">
      <Filter>inc</Filter>
    </ClInclude>
    <ClInclude Include="logger\logger.hpp">
      <Filter>inc</Filter>
    </ClInclude>
    <ClInclude Include="utils\tcp_flow_statistics.hpp">
      <Filter>inc</Filter>
    </ClInclude>
    <ClInclude Include="utils\udp_flow_statistics.hpp">
      <Filter>inc</Filter>
    </ClInclude>
    <ClInclude Include="utils\flow_statistics.hpp">
      <Filter>inc</Filter>
    </ClInclude>
    <ClInclude Include="launcher\launcher.hpp">
      <Filter>inc</Filter>
    </ClInclude>
    <ClInclude Include="config\config_loader.hpp">
      <Filter>inc</Filter>
    </ClInclude>
    <ClInclude Include="tcp\tcp_socket.hpp">
      <Filter>inc</Filter>
    </ClInclude>
    <ClInclude Include="tcp\tcp_session.hpp">
      <Filter>inc</Filter>
    </ClInclude>
    <ClInclude Include="tcp\tcp_session_manager.hpp">
      <Filter>inc</Filter>
    </ClInclude>
    <ClInclude Include="udp\udp_socket.hpp">
      <Filter>inc</Filter>
    </ClInclude>
    <ClInclude Include="udp\udp_session.hpp">
      <Filter>inc</Filter>
    </ClInclude>
    <ClInclude Include="udp\udp_session_manager.hpp">
      <Filter>inc</Filter>
    </ClInclude>
    <ClInclude Include="logger\log_forward.hpp">
      <Filter>inc</Filter>
    </ClInclude>
  </ItemGroup>
  <ItemGroup>
    <None Include=".gitattributes" />
    <None Include=".gitignore" />
  </ItemGroup>
</Project>